// !$*UTF8*$!
{
	archiveVersion = 1;
	classes = {
	};
	objectVersion = 55;
	objects = {

/* Begin PBXBuildFile section */
		2CBD462327FB41BD002D1775 /* SignUpVC.swift in Sources */ = {isa = PBXBuildFile; fileRef = 2CBD462227FB41BD002D1775 /* SignUpVC.swift */; };
		2CBD462527FB4B90002D1775 /* UpdatePasswordVC.swift in Sources */ = {isa = PBXBuildFile; fileRef = 2CBD462427FB4B90002D1775 /* UpdatePasswordVC.swift */; };
		2CCE7E9427FB2B610033C701 /* AppDelegate.swift in Sources */ = {isa = PBXBuildFile; fileRef = 2CCE7E9327FB2B610033C701 /* AppDelegate.swift */; };
		2CCE7E9627FB2B610033C701 /* SceneDelegate.swift in Sources */ = {isa = PBXBuildFile; fileRef = 2CCE7E9527FB2B610033C701 /* SceneDelegate.swift */; };
		2CCE7E9827FB2B610033C701 /* ViewController.swift in Sources */ = {isa = PBXBuildFile; fileRef = 2CCE7E9727FB2B610033C701 /* ViewController.swift */; };
		2CCE7E9B27FB2B610033C701 /* Main.storyboard in Resources */ = {isa = PBXBuildFile; fileRef = 2CCE7E9927FB2B610033C701 /* Main.storyboard */; };
		2CCE7E9D27FB2B620033C701 /* Assets.xcassets in Resources */ = {isa = PBXBuildFile; fileRef = 2CCE7E9C27FB2B620033C701 /* Assets.xcassets */; };
		2CCE7EA027FB2B620033C701 /* LaunchScreen.storyboard in Resources */ = {isa = PBXBuildFile; fileRef = 2CCE7E9E27FB2B620033C701 /* LaunchScreen.storyboard */; };
		2CCE7EA827FB2B780033C701 /* User.swift in Sources */ = {isa = PBXBuildFile; fileRef = 2CCE7EA727FB2B780033C701 /* User.swift */; };
		2CCE7EAA27FB39D80033C701 /* UserTableVC.swift in Sources */ = {isa = PBXBuildFile; fileRef = 2CCE7EA927FB39D70033C701 /* UserTableVC.swift */; };
		2CCE7EAC27FB39FF0033C701 /* UserCellVC.swift in Sources */ = {isa = PBXBuildFile; fileRef = 2CCE7EAB27FB39FF0033C701 /* UserCellVC.swift */; };
/* End PBXBuildFile section */

/* Begin PBXFileReference section */
		2CBD462227FB41BD002D1775 /* SignUpVC.swift */ = {isa = PBXFileReference; lastKnownFileType = sourcecode.swift; path = SignUpVC.swift; sourceTree = "<group>"; };
		2CBD462427FB4B90002D1775 /* UpdatePasswordVC.swift */ = {isa = PBXFileReference; lastKnownFileType = sourcecode.swift; path = UpdatePasswordVC.swift; sourceTree = "<group>"; };
		2CCE7E9027FB2B610033C701 /* Hossein.app */ = {isa = PBXFileReference; explicitFileType = wrapper.application; includeInIndex = 0; path = Hossein.app; sourceTree = BUILT_PRODUCTS_DIR; };
		2CCE7E9327FB2B610033C701 /* AppDelegate.swift */ = {isa = PBXFileReference; lastKnownFileType = sourcecode.swift; path = AppDelegate.swift; sourceTree = "<group>"; };
		2CCE7E9527FB2B610033C701 /* SceneDelegate.swift */ = {isa = PBXFileReference; lastKnownFileType = sourcecode.swift; path = SceneDelegate.swift; sourceTree = "<group>"; };
		2CCE7E9727FB2B610033C701 /* ViewController.swift */ = {isa = PBXFileReference; lastKnownFileType = sourcecode.swift; path = ViewController.swift; sourceTree = "<group>"; };
		2CCE7E9A27FB2B610033C701 /* Base */ = {isa = PBXFileReference; lastKnownFileType = file.storyboard; name = Base; path = Base.lproj/Main.storyboard; sourceTree = "<group>"; };
		2CCE7E9C27FB2B620033C701 /* Assets.xcassets */ = {isa = PBXFileReference; lastKnownFileType = folder.assetcatalog; path = Assets.xcassets; sourceTree = "<group>"; };
		2CCE7E9F27FB2B620033C701 /* Base */ = {isa = PBXFileReference; lastKnownFileType = file.storyboard; name = Base; path = Base.lproj/LaunchScreen.storyboard; sourceTree = "<group>"; };
		2CCE7EA127FB2B620033C701 /* Info.plist */ = {isa = PBXFileReference; lastKnownFileType = text.plist.xml; path = Info.plist; sourceTree = "<group>"; };
		2CCE7EA727FB2B780033C701 /* User.swift */ = {isa = PBXFileReference; lastKnownFileType = sourcecode.swift; path = User.swift; sourceTree = "<group>"; };
		2CCE7EA927FB39D70033C701 /* UserTableVC.swift */ = {isa = PBXFileReference; lastKnownFileType = sourcecode.swift; path = UserTableVC.swift; sourceTree = "<group>"; };
		2CCE7EAB27FB39FF0033C701 /* UserCellVC.swift */ = {isa = PBXFileReference; lastKnownFileType = sourcecode.swift; path = UserCellVC.swift; sourceTree = "<group>"; };
/* End PBXFileReference section */

/* Begin PBXFrameworksBuildPhase section */
		2CCE7E8D27FB2B610033C701 /* Frameworks */ = {
			isa = PBXFrameworksBuildPhase;
			buildActionMask = 2147483647;
			files = (
			);
			runOnlyForDeploymentPostprocessing = 0;
		};
/* End PBXFrameworksBuildPhase section */

/* Begin PBXGroup section */
		2CCE7E8727FB2B610033C701 = {
			isa = PBXGroup;
			children = (
				2CCE7E9227FB2B610033C701 /* Hossein */,
				2CCE7E9127FB2B610033C701 /* Products */,
			);
			sourceTree = "<group>";
		};
		2CCE7E9127FB2B610033C701 /* Products */ = {
			isa = PBXGroup;
			children = (
				2CCE7E9027FB2B610033C701 /* Hossein.app */,
			);
			name = Products;
			sourceTree = "<group>";
		};
		2CCE7E9227FB2B610033C701 /* Hossein */ = {
			isa = PBXGroup;
			children = (
				2CCE7E9327FB2B610033C701 /* AppDelegate.swift */,
				2CCE7E9527FB2B610033C701 /* SceneDelegate.swift */,
				2CCE7E9727FB2B610033C701 /* ViewController.swift */,
				2CCE7E9927FB2B610033C701 /* Main.storyboard */,
				2CCE7E9C27FB2B620033C701 /* Assets.xcassets */,
				2CCE7E9E27FB2B620033C701 /* LaunchScreen.storyboard */,
				2CCE7EA127FB2B620033C701 /* Info.plist */,
				2CCE7EA727FB2B780033C701 /* User.swift */,
				2CCE7EA927FB39D70033C701 /* UserTableVC.swift */,
				2CCE7EAB27FB39FF0033C701 /* UserCellVC.swift */,
				2CBD462227FB41BD002D1775 /* SignUpVC.swift */,
				2CBD462427FB4B90002D1775 /* UpdatePasswordVC.swift */,
			);
			path = Hossein;
			sourceTree = "<group>";
		};
/* End PBXGroup section */

/* Begin PBXNativeTarget section */
		2CCE7E8F27FB2B610033C701 /* Hossein */ = {
			isa = PBXNativeTarget;
			buildConfigurationList = 2CCE7EA427FB2B620033C701 /* Build configuration list for PBXNativeTarget "Hossein" */;
			buildPhases = (
				2CCE7E8C27FB2B610033C701 /* Sources */,
				2CCE7E8D27FB2B610033C701 /* Frameworks */,
				2CCE7E8E27FB2B610033C701 /* Resources */,
			);
			buildRules = (
			);
			dependencies = (
			);
			name = Hossein;
			productName = Hossein;
			productReference = 2CCE7E9027FB2B610033C701 /* Hossein.app */;
			productType = "com.apple.product-type.application";
		};
/* End PBXNativeTarget section */

/* Begin PBXProject section */
		2CCE7E8827FB2B610033C701 /* Project object */ = {
			isa = PBXProject;
			attributes = {
				BuildIndependentTargetsInParallel = 1;
				LastSwiftUpdateCheck = 1330;
				LastUpgradeCheck = 1330;
				TargetAttributes = {
					2CCE7E8F27FB2B610033C701 = {
						CreatedOnToolsVersion = 13.3;
					};
				};
			};
			buildConfigurationList = 2CCE7E8B27FB2B610033C701 /* Build configuration list for PBXProject "Hossein" */;
			compatibilityVersion = "Xcode 13.0";
			developmentRegion = en;
			hasScannedForEncodings = 0;
			knownRegions = (
				en,
				Base,
			);
			mainGroup = 2CCE7E8727FB2B610033C701;
			productRefGroup = 2CCE7E9127FB2B610033C701 /* Products */;
			projectDirPath = "";
			projectRoot = "";
			targets = (
				2CCE7E8F27FB2B610033C701 /* Hossein */,
			);
		};
/* End PBXProject section */

/* Begin PBXResourcesBuildPhase section */
		2CCE7E8E27FB2B610033C701 /* Resources */ = {
			isa = PBXResourcesBuildPhase;
			buildActionMask = 2147483647;
			files = (
				2CCE7EA027FB2B620033C701 /* LaunchScreen.storyboard in Resources */,
				2CCE7E9D27FB2B620033C701 /* Assets.xcassets in Resources */,
				2CCE7E9B27FB2B610033C701 /* Main.storyboard in Resources */,
			);
			runOnlyForDeploymentPostprocessing = 0;
		};
/* End PBXResourcesBuildPhase section */

/* Begin PBXSourcesBuildPhase section */
		2CCE7E8C27FB2B610033C701 /* Sources */ = {
			isa = PBXSourcesBuildPhase;
			buildActionMask = 2147483647;
			files = (
				2CBD462527FB4B90002D1775 /* UpdatePasswordVC.swift in Sources */,
				2CBD462327FB41BD002D1775 /* SignUpVC.swift in Sources */,
				2CCE7EA827FB2B780033C701 /* User.swift in Sources */,
				2CCE7EAA27FB39D80033C701 /* UserTableVC.swift in Sources */,
				2CCE7E9827FB2B610033C701 /* ViewController.swift in Sources */,
				2CCE7EAC27FB39FF0033C701 /* UserCellVC.swift in Sources */,
				2CCE7E9427FB2B610033C701 /* AppDelegate.swift in Sources */,
				2CCE7E9627FB2B610033C701 /* SceneDelegate.swift in Sources */,
			);
			runOnlyForDeploymentPostprocessing = 0;
		};
/* End PBXSourcesBuildPhase section */

/* Begin PBXVariantGroup section */
		2CCE7E9927FB2B610033C701 /* Main.storyboard */ = {
			isa = PBXVariantGroup;
			children = (
				2CCE7E9A27FB2B610033C701 /* Base */,
			);
			name = Main.storyboard;
			sourceTree = "<group>";
		};
		2CCE7E9E27FB2B620033C701 /* LaunchScreen.storyboard */ = {
			isa = PBXVariantGroup;
			children = (
				2CCE7E9F27FB2B620033C701 /* Base */,
			);
			name = LaunchScreen.storyboard;
			sourceTree = "<group>";
		};
/* End PBXVariantGroup section */

/* Begin XCBuildConfiguration section */
		2CCE7EA227FB2B620033C701 /* Debug */ = {
			isa = XCBuildConfiguration;
			buildSettings = {
				ALWAYS_SEARCH_USER_PATHS = NO;
				CLANG_ANALYZER_NONNULL = YES;
				CLANG_ANALYZER_NUMBER_OBJECT_CONVERSION = YES_AGGRESSIVE;
				CLANG_CXX_LANGUAGE_STANDARD = "gnu++17";
				CLANG_ENABLE_MODULES = YES;
				CLANG_ENABLE_OBJC_ARC = YES;
				CLANG_ENABLE_OBJC_WEAK = YES;
				CLANG_WARN_BLOCK_CAPTURE_AUTORELEASING = YES;
				CLANG_WARN_BOOL_CONVERSION = YES;
				CLANG_WARN_COMMA = YES;
				CLANG_WARN_CONSTANT_CONVERSION = YES;
				CLANG_WARN_DEPRECATED_OBJC_IMPLEMENTATIONS = YES;
				CLANG_WARN_DIRECT_OBJC_ISA_USAGE = YES_ERROR;
				CLANG_WARN_DOCUMENTATION_COMMENTS = YES;
				CLANG_WARN_EMPTY_BODY = YES;
				CLANG_WARN_ENUM_CONVERSION = YES;
				CLANG_WARN_INFINITE_RECURSION = YES;
				CLANG_WARN_INT_CONVERSION = YES;
				CLANG_WARN_NON_LITERAL_NULL_CONVERSION = YES;
				CLANG_WARN_OBJC_IMPLICIT_RETAIN_SELF = YES;
				CLANG_WARN_OBJC_LITERAL_CONVERSION = YES;
				CLANG_WARN_OBJC_ROOT_CLASS = YES_ERROR;
				CLANG_WARN_QUOTED_INCLUDE_IN_FRAMEWORK_HEADER = YES;
				CLANG_WARN_RANGE_LOOP_ANALYSIS = YES;
				CLANG_WARN_STRICT_PROTOTYPES = YES;
				CLANG_WARN_SUSPICIOUS_MOVE = YES;
				CLANG_WARN_UNGUARDED_AVAILABILITY = YES_AGGRESSIVE;
				CLANG_WARN_UNREACHABLE_CODE = YES;
				CLANG_WARN__DUPLICATE_METHOD_MATCH = YES;
				COPY_PHASE_STRIP = NO;
				DEBUG_INFORMATION_FORMAT = dwarf;
				ENABLE_STRICT_OBJC_MSGSEND = YES;
				ENABLE_TESTABILITY = YES;
				GCC_C_LANGUAGE_STANDARD = gnu11;
				GCC_DYNAMIC_NO_PIC = NO;
				GCC_NO_COMMON_BLOCKS = YES;
				GCC_OPTIMIZATION_LEVEL = 0;
				GCC_PREPROCESSOR_DEFINITIONS = (
					"DEBUG=1",
					"$(inherited)",
				);
				GCC_WARN_64_TO_32_BIT_CONVERSION = YES;
				GCC_WARN_ABOUT_RETURN_TYPE = YES_ERROR;
				GCC_WARN_UNDECLARED_SELECTOR = YES;
				GCC_WARN_UNINITIALIZED_AUTOS = YES_AGGRESSIVE;
				GCC_WARN_UNUSED_FUNCTION = YES;
				GCC_WARN_UNUSED_VARIABLE = YES;
				IPHONEOS_DEPLOYMENT_TARGET = 15.4;
				MTL_ENABLE_DEBUG_INFO = INCLUDE_SOURCE;
				MTL_FAST_MATH = YES;
				ONLY_ACTIVE_ARCH = YES;
				SDKROOT = iphoneos;
				SWIFT_ACTIVE_COMPILATION_CONDITIONS = DEBUG;
				SWIFT_OPTIMIZATION_LEVEL = "-Onone";
			};
			name = Debug;
		};
		2CCE7EA327FB2B620033C701 /* Release */ = {
			isa = XCBuildConfiguration;
			buildSettings = {
				ALWAYS_SEARCH_USER_PATHS = NO;
				CLANG_ANALYZER_NONNULL = YES;
				CLANG_ANALYZER_NUMBER_OBJECT_CONVERSION = YES_AGGRESSIVE;
				CLANG_CXX_LANGUAGE_STANDARD = "gnu++17";
				CLANG_ENABLE_MODULES = YES;
				CLANG_ENABLE_OBJC_ARC = YES;
				CLANG_ENABLE_OBJC_WEAK = YES;
				CLANG_WARN_BLOCK_CAPTURE_AUTORELEASING = YES;
				CLANG_WARN_BOOL_CONVERSION = YES;
				CLANG_WARN_COMMA = YES;
				CLANG_WARN_CONSTANT_CONVERSION = YES;
				CLANG_WARN_DEPRECATED_OBJC_IMPLEMENTATIONS = YES;
				CLANG_WARN_DIRECT_OBJC_ISA_USAGE = YES_ERROR;
				CLANG_WARN_DOCUMENTATION_COMMENTS = YES;
				CLANG_WARN_EMPTY_BODY = YES;
				CLANG_WARN_ENUM_CONVERSION = YES;
				CLANG_WARN_INFINITE_RECURSION = YES;
				CLANG_WARN_INT_CONVERSION = YES;
				CLANG_WARN_NON_LITERAL_NULL_CONVERSION = YES;
				CLANG_WARN_OBJC_IMPLICIT_RETAIN_SELF = YES;
				CLANG_WARN_OBJC_LITERAL_CONVERSION = YES;
				CLANG_WARN_OBJC_ROOT_CLASS = YES_ERROR;
				CLANG_WARN_QUOTED_INCLUDE_IN_FRAMEWORK_HEADER = YES;
				CLANG_WARN_RANGE_LOOP_ANALYSIS = YES;
				CLANG_WARN_STRICT_PROTOTYPES = YES;
				CLANG_WARN_SUSPICIOUS_MOVE = YES;
				CLANG_WARN_UNGUARDED_AVAILABILITY = YES_AGGRESSIVE;
				CLANG_WARN_UNREACHABLE_CODE = YES;
				CLANG_WARN__DUPLICATE_METHOD_MATCH = YES;
				COPY_PHASE_STRIP = NO;
				DEBUG_INFORMATION_FORMAT = "dwarf-with-dsym";
				ENABLE_NS_ASSERTIONS = NO;
				ENABLE_STRICT_OBJC_MSGSEND = YES;
				GCC_C_LANGUAGE_STANDARD = gnu11;
				GCC_NO_COMMON_BLOCKS = YES;
				GCC_WARN_64_TO_32_BIT_CONVERSION = YES;
				GCC_WARN_ABOUT_RETURN_TYPE = YES_ERROR;
				GCC_WARN_UNDECLARED_SELECTOR = YES;
				GCC_WARN_UNINITIALIZED_AUTOS = YES_AGGRESSIVE;
				GCC_WARN_UNUSED_FUNCTION = YES;
				GCC_WARN_UNUSED_VARIABLE = YES;
				IPHONEOS_DEPLOYMENT_TARGET = 15.4;
				MTL_ENABLE_DEBUG_INFO = NO;
				MTL_FAST_MATH = YES;
				SDKROOT = iphoneos;
				SWIFT_COMPILATION_MODE = wholemodule;
				SWIFT_OPTIMIZATION_LEVEL = "-O";
				VALIDATE_PRODUCT = YES;
			};
			name = Release;
		};
		2CCE7EA527FB2B620033C701 /* Debug */ = {
			isa = XCBuildConfiguration;
			buildSettings = {
				ASSETCATALOG_COMPILER_APPICON_NAME = AppIcon;
				ASSETCATALOG_COMPILER_GLOBAL_ACCENT_COLOR_NAME = AccentColor;
				CODE_SIGN_STYLE = Automatic;
				CURRENT_PROJECT_VERSION = 1;
				DEVELOPMENT_TEAM = W9698RG727;
				GENERATE_INFOPLIST_FILE = YES;
				INFOPLIST_FILE = Hossein/Info.plist;
				INFOPLIST_KEY_CFBundleDisplayName = LoginApp;
				INFOPLIST_KEY_UIApplicationSupportsIndirectInputEvents = YES;
				INFOPLIST_KEY_UILaunchStoryboardName = LaunchScreen;
				INFOPLIST_KEY_UIMainStoryboardFile = Main;
				INFOPLIST_KEY_UISupportedInterfaceOrientations_iPad = "UIInterfaceOrientationPortrait UIInterfaceOrientationPortraitUpsideDown UIInterfaceOrientationLandscapeLeft UIInterfaceOrientationLandscapeRight";
				INFOPLIST_KEY_UISupportedInterfaceOrientations_iPhone = "UIInterfaceOrientationPortrait UIInterfaceOrientationLandscapeLeft UIInterfaceOrientationLandscapeRight";
				LD_RUNPATH_SEARCH_PATHS = (
					"$(inherited)",
					"@executable_path/Frameworks",
				);
				MARKETING_VERSION = 1.0;
				PRODUCT_BUNDLE_IDENTIFIER = diana.soleil.design;
				PRODUCT_NAME = "$(TARGET_NAME)";
				SWIFT_EMIT_LOC_STRINGS = YES;
				SWIFT_VERSION = 5.0;
				TARGETED_DEVICE_FAMILY = 1;
			};
			name = Debug;
		};
		2CCE7EA627FB2B620033C701 /* Release */ = {
			isa = XCBuildConfiguration;
			buildSettings = {
				ASSETCATALOG_COMPILER_APPICON_NAME = AppIcon;
				ASSETCATALOG_COMPILER_GLOBAL_ACCENT_COLOR_NAME = AccentColor;
				CODE_SIGN_STYLE = Automatic;
				CURRENT_PROJECT_VERSION = 1;
				DEVELOPMENT_TEAM = W9698RG727;
				GENERATE_INFOPLIST_FILE = YES;
				INFOPLIST_FILE = Hossein/Info.plist;
				INFOPLIST_KEY_CFBundleDisplayName = LoginApp;
				INFOPLIST_KEY_UIApplicationSupportsIndirectInputEvents = YES;
				INFOPLIST_KEY_UILaunchStoryboardName = LaunchScreen;
				INFOPLIST_KEY_UIMainStoryboardFile = Main;
				INFOPLIST_KEY_UISupportedInterfaceOrientations_iPad = "UIInterfaceOrientationPortrait UIInterfaceOrientationPortraitUpsideDown UIInterfaceOrientationLandscapeLeft UIInterfaceOrientationLandscapeRight";
				INFOPLIST_KEY_UISupportedInterfaceOrientations_iPhone = "UIInterfaceOrientationPortrait UIInterfaceOrientationLandscapeLeft UIInterfaceOrientationLandscapeRight";
				LD_RUNPATH_SEARCH_PATHS = (
					"$(inherited)",
					"@executable_path/Frameworks",
				);
				MARKETING_VERSION = 1.0;
				PRODUCT_BUNDLE_IDENTIFIER = diana.soleil.design;
				PRODUCT_NAME = "$(TARGET_NAME)";
				SWIFT_EMIT_LOC_STRINGS = YES;
				SWIFT_VERSION = 5.0;
				TARGETED_DEVICE_FAMILY = 1;
			};
			name = Release;
		};
/* End XCBuildConfiguration section */

/* Begin XCConfigurationList section */
		2CCE7E8B27FB2B610033C701 /* Build configuration list for PBXProject "Hossein" */ = {
			isa = XCConfigurationList;
			buildConfigurations = (
				2CCE7EA227FB2B620033C701 /* Debug */,
				2CCE7EA327FB2B620033C701 /* Release */,
			);
			defaultConfigurationIsVisible = 0;
			defaultConfigurationName = Release;
		};
		2CCE7EA427FB2B620033C701 /* Build configuration list for PBXNativeTarget "Hossein" */ = {
			isa = XCConfigurationList;
			buildConfigurations = (
				2CCE7EA527FB2B620033C701 /* Debug */,
				2CCE7EA627FB2B620033C701 /* Release */,
			);
			defaultConfigurationIsVisible = 0;
			defaultConfigurationName = Release;
		};
/* End XCConfigurationList section */
	};
	rootObject = 2CCE7E8827FB2B610033C701 /* Project object */;
}
